PODS:
  - CDSCoreDataSolutions (0.6.1)

DEPENDENCIES:
  - CDSCoreDataSolutions (from `../`)

EXTERNAL SOURCES:
  CDSCoreDataSolutions:
    :path: ../

SPEC CHECKSUMS:
  CDSCoreDataSolutions: ce4a9f19e209bd3d2ad550acab7d7232a02e953a

PODFILE CHECKSUM: bd7b74d52f6b389b3e7ce197e79219d285c04c83

COCOAPODS: 1.0.1
