PODS:
  - CDSCoreDataSolutions (0.2.0)

DEPENDENCIES:
  - CDSCoreDataSolutions (from `../`)

EXTERNAL SOURCES:
  CDSCoreDataSolutions:
    :path: ../

SPEC CHECKSUMS:
  CDSCoreDataSolutions: 24cbd701da2e0ab73cc10a7293914314e9607929

PODFILE CHECKSUM: bd7b74d52f6b389b3e7ce197e79219d285c04c83

COCOAPODS: 1.0.0
